# THIS IS AN AUTOGENERATED FILE. DO NOT EDIT THIS FILE DIRECTLY.
# yarn lockfile v1


ice@~3.7.3:
  version "3.7.3"
  resolved "https://registry.yarnpkg.com/ice/-/ice-3.7.3.tgz#67084e5b5419b11b734592f9aa3d75e0d40bdf4f"
  integrity sha512-5huxJoj5R7VUH9AXd02JPiFGAuaTvAC9ALVM7+XPi6Uw5DlLq4feilOk3dPHL4a50LvuWEBFg2A5JjuO4gx7dA==
